// !$*UTF8*$!
{
	archiveVersion = 1;
	classes = {
	};
	objectVersion = 55;
	objects = {

/* Begin PBXBuildFile section */
		A029CCC828D764A5000B2249 /* AppDelegate.swift in Sources */ = {isa = PBXBuildFile; fileRef = A029CCC728D764A5000B2249 /* AppDelegate.swift */; };
		A029CCCA28D764A5000B2249 /* SceneDelegate.swift in Sources */ = {isa = PBXBuildFile; fileRef = A029CCC928D764A5000B2249 /* SceneDelegate.swift */; };
		A029CCCC28D764A5000B2249 /* mainPageViewController.swift in Sources */ = {isa = PBXBuildFile; fileRef = A029CCCB28D764A5000B2249 /* mainPageViewController.swift */; };
		A029CCD128D764A6000B2249 /* Assets.xcassets in Resources */ = {isa = PBXBuildFile; fileRef = A029CCD028D764A6000B2249 /* Assets.xcassets */; };
		A029CCD428D764A6000B2249 /* LaunchScreen.storyboard in Resources */ = {isa = PBXBuildFile; fileRef = A029CCD228D764A6000B2249 /* LaunchScreen.storyboard */; };
		A093896B28D76C3E0089668B /* civilizationData.swift in Sources */ = {isa = PBXBuildFile; fileRef = A093896A28D76C3E0089668B /* civilizationData.swift */; };
		A093896F28D778E50089668B /* civilizationModel.swift in Sources */ = {isa = PBXBuildFile; fileRef = A093896E28D778E50089668B /* civilizationModel.swift */; };
		A093897128D77C670089668B /* CivilizationManager.swift in Sources */ = {isa = PBXBuildFile; fileRef = A093897028D77C670089668B /* CivilizationManager.swift */; };
		A0C3B0442928F2E000E8AF8B /* UniqueUnitModel.swift in Sources */ = {isa = PBXBuildFile; fileRef = A0C3B0432928F2E000E8AF8B /* UniqueUnitModel.swift */; };
		A0C3B0462928F3FD00E8AF8B /* UniqueUnitData.swift in Sources */ = {isa = PBXBuildFile; fileRef = A0C3B0452928F3FD00E8AF8B /* UniqueUnitData.swift */; };
		A0C3B0482928FC5300E8AF8B /* UniqueUnitManager.swift in Sources */ = {isa = PBXBuildFile; fileRef = A0C3B0472928FC5300E8AF8B /* UniqueUnitManager.swift */; };
		A0C3B04A29290A4200E8AF8B /* uniqueUnitViewController.swift in Sources */ = {isa = PBXBuildFile; fileRef = A0C3B04929290A4200E8AF8B /* uniqueUnitViewController.swift */; };
		A0C3B04C29290CE000E8AF8B /* Storyboards.swift in Sources */ = {isa = PBXBuildFile; fileRef = A0C3B04B29290CE000E8AF8B /* Storyboards.swift */; };
/* End PBXBuildFile section */

/* Begin PBXFileReference section */
		A029CCC428D764A5000B2249 /* ageofempiresII.app */ = {isa = PBXFileReference; explicitFileType = wrapper.application; includeInIndex = 0; path = ageofempiresII.app; sourceTree = BUILT_PRODUCTS_DIR; };
		A029CCC728D764A5000B2249 /* AppDelegate.swift */ = {isa = PBXFileReference; lastKnownFileType = sourcecode.swift; path = AppDelegate.swift; sourceTree = "<group>"; };
		A029CCC928D764A5000B2249 /* SceneDelegate.swift */ = {isa = PBXFileReference; lastKnownFileType = sourcecode.swift; path = SceneDelegate.swift; sourceTree = "<group>"; };
		A029CCCB28D764A5000B2249 /* mainPageViewController.swift */ = {isa = PBXFileReference; lastKnownFileType = sourcecode.swift; path = mainPageViewController.swift; sourceTree = "<group>"; };
		A029CCD028D764A6000B2249 /* Assets.xcassets */ = {isa = PBXFileReference; lastKnownFileType = folder.assetcatalog; path = Assets.xcassets; sourceTree = "<group>"; };
		A029CCD328D764A6000B2249 /* Base */ = {isa = PBXFileReference; lastKnownFileType = file.storyboard; name = Base; path = Base.lproj/LaunchScreen.storyboard; sourceTree = "<group>"; };
		A029CCD528D764A6000B2249 /* Info.plist */ = {isa = PBXFileReference; lastKnownFileType = text.plist.xml; path = Info.plist; sourceTree = "<group>"; };
		A093896A28D76C3E0089668B /* civilizationData.swift */ = {isa = PBXFileReference; lastKnownFileType = sourcecode.swift; path = civilizationData.swift; sourceTree = "<group>"; };
		A093896E28D778E50089668B /* civilizationModel.swift */ = {isa = PBXFileReference; lastKnownFileType = sourcecode.swift; path = civilizationModel.swift; sourceTree = "<group>"; };
		A093897028D77C670089668B /* CivilizationManager.swift */ = {isa = PBXFileReference; lastKnownFileType = sourcecode.swift; path = CivilizationManager.swift; sourceTree = "<group>"; };
		A0C3B0432928F2E000E8AF8B /* UniqueUnitModel.swift */ = {isa = PBXFileReference; lastKnownFileType = sourcecode.swift; path = UniqueUnitModel.swift; sourceTree = "<group>"; };
		A0C3B0452928F3FD00E8AF8B /* UniqueUnitData.swift */ = {isa = PBXFileReference; lastKnownFileType = sourcecode.swift; path = UniqueUnitData.swift; sourceTree = "<group>"; };
		A0C3B0472928FC5300E8AF8B /* UniqueUnitManager.swift */ = {isa = PBXFileReference; lastKnownFileType = sourcecode.swift; path = UniqueUnitManager.swift; sourceTree = "<group>"; };
		A0C3B04929290A4200E8AF8B /* uniqueUnitViewController.swift */ = {isa = PBXFileReference; lastKnownFileType = sourcecode.swift; path = uniqueUnitViewController.swift; sourceTree = "<group>"; };
		A0C3B04B29290CE000E8AF8B /* Storyboards.swift */ = {isa = PBXFileReference; lastKnownFileType = sourcecode.swift; path = Storyboards.swift; sourceTree = "<group>"; };
/* End PBXFileReference section */

/* Begin PBXFrameworksBuildPhase section */
		A029CCC128D764A5000B2249 /* Frameworks */ = {
			isa = PBXFrameworksBuildPhase;
			buildActionMask = 2147483647;
			files = (
			);
			runOnlyForDeploymentPostprocessing = 0;
		};
/* End PBXFrameworksBuildPhase section */

/* Begin PBXGroup section */
		A029CCBB28D764A5000B2249 = {
			isa = PBXGroup;
			children = (
				A029CCC628D764A5000B2249 /* ageofempiresII */,
				A029CCC528D764A5000B2249 /* Products */,
			);
			sourceTree = "<group>";
		};
		A029CCC528D764A5000B2249 /* Products */ = {
			isa = PBXGroup;
			children = (
				A029CCC428D764A5000B2249 /* ageofempiresII.app */,
			);
			name = Products;
			sourceTree = "<group>";
		};
		A029CCC628D764A5000B2249 /* ageofempiresII */ = {
			isa = PBXGroup;
			children = (
				A0C3B04B29290CE000E8AF8B /* Storyboards.swift */,
				A093896528D76BDB0089668B /* Model */,
				A093896928D76BFB0089668B /* ViewModel */,
				A093896728D76BED0089668B /* View */,
				A029CCC728D764A5000B2249 /* AppDelegate.swift */,
				A029CCC928D764A5000B2249 /* SceneDelegate.swift */,
				A029CCD028D764A6000B2249 /* Assets.xcassets */,
				A029CCD228D764A6000B2249 /* LaunchScreen.storyboard */,
				A029CCD528D764A6000B2249 /* Info.plist */,
			);
			path = ageofempiresII;
			sourceTree = "<group>";
		};
		A093896528D76BDB0089668B /* Model */ = {
			isa = PBXGroup;
			children = (
				A093896A28D76C3E0089668B /* civilizationData.swift */,
				A093896E28D778E50089668B /* civilizationModel.swift */,
				A0C3B0432928F2E000E8AF8B /* UniqueUnitModel.swift */,
				A0C3B0452928F3FD00E8AF8B /* UniqueUnitData.swift */,
			);
			path = Model;
			sourceTree = "<group>";
		};
		A093896728D76BED0089668B /* View */ = {
			isa = PBXGroup;
			children = (
				A029CCCB28D764A5000B2249 /* mainPageViewController.swift */,
				A0C3B04929290A4200E8AF8B /* uniqueUnitViewController.swift */,
			);
			path = View;
			sourceTree = "<group>";
		};
		A093896928D76BFB0089668B /* ViewModel */ = {
			isa = PBXGroup;
			children = (
				A093897028D77C670089668B /* CivilizationManager.swift */,
				A0C3B0472928FC5300E8AF8B /* UniqueUnitManager.swift */,
			);
			path = ViewModel;
			sourceTree = "<group>";
		};
/* End PBXGroup section */

/* Begin PBXNativeTarget section */
		A029CCC328D764A5000B2249 /* ageofempiresII */ = {
			isa = PBXNativeTarget;
			buildConfigurationList = A029CCD828D764A6000B2249 /* Build configuration list for PBXNativeTarget "ageofempiresII" */;
			buildPhases = (
				A029CCC028D764A5000B2249 /* Sources */,
				A029CCC128D764A5000B2249 /* Frameworks */,
				A029CCC228D764A5000B2249 /* Resources */,
			);
			buildRules = (
			);
			dependencies = (
			);
			name = ageofempiresII;
			productName = ageofempiresII;
			productReference = A029CCC428D764A5000B2249 /* ageofempiresII.app */;
			productType = "com.apple.product-type.application";
		};
/* End PBXNativeTarget section */

/* Begin PBXProject section */
		A029CCBC28D764A5000B2249 /* Project object */ = {
			isa = PBXProject;
			attributes = {
				BuildIndependentTargetsInParallel = 1;
				LastSwiftUpdateCheck = 1330;
				LastUpgradeCheck = 1330;
				TargetAttributes = {
					A029CCC328D764A5000B2249 = {
						CreatedOnToolsVersion = 13.3.1;
					};
				};
			};
			buildConfigurationList = A029CCBF28D764A5000B2249 /* Build configuration list for PBXProject "ageofempiresII" */;
			compatibilityVersion = "Xcode 13.0";
			developmentRegion = en;
			hasScannedForEncodings = 0;
			knownRegions = (
				en,
				Base,
			);
			mainGroup = A029CCBB28D764A5000B2249;
			productRefGroup = A029CCC528D764A5000B2249 /* Products */;
			projectDirPath = "";
			projectRoot = "";
			targets = (
				A029CCC328D764A5000B2249 /* ageofempiresII */,
			);
		};
/* End PBXProject section */

/* Begin PBXResourcesBuildPhase section */
		A029CCC228D764A5000B2249 /* Resources */ = {
			isa = PBXResourcesBuildPhase;
			buildActionMask = 2147483647;
			files = (
				A029CCD428D764A6000B2249 /* LaunchScreen.storyboard in Resources */,
				A029CCD128D764A6000B2249 /* Assets.xcassets in Resources */,
			);
			runOnlyForDeploymentPostprocessing = 0;
		};
/* End PBXResourcesBuildPhase section */

/* Begin PBXSourcesBuildPhase section */
		A029CCC028D764A5000B2249 /* Sources */ = {
			isa = PBXSourcesBuildPhase;
			buildActionMask = 2147483647;
			files = (
				A0C3B0462928F3FD00E8AF8B /* UniqueUnitData.swift in Sources */,
				A093896B28D76C3E0089668B /* civilizationData.swift in Sources */,
				A029CCCC28D764A5000B2249 /* mainPageViewController.swift in Sources */,
				A029CCC828D764A5000B2249 /* AppDelegate.swift in Sources */,
				A0C3B04C29290CE000E8AF8B /* Storyboards.swift in Sources */,
				A0C3B0482928FC5300E8AF8B /* UniqueUnitManager.swift in Sources */,
				A0C3B0442928F2E000E8AF8B /* UniqueUnitModel.swift in Sources */,
				A093896F28D778E50089668B /* civilizationModel.swift in Sources */,
				A0C3B04A29290A4200E8AF8B /* uniqueUnitViewController.swift in Sources */,
				A093897128D77C670089668B /* CivilizationManager.swift in Sources */,
				A029CCCA28D764A5000B2249 /* SceneDelegate.swift in Sources */,
			);
			runOnlyForDeploymentPostprocessing = 0;
		};
/* End PBXSourcesBuildPhase section */

/* Begin PBXVariantGroup section */
		A029CCD228D764A6000B2249 /* LaunchScreen.storyboard */ = {
			isa = PBXVariantGroup;
			children = (
				A029CCD328D764A6000B2249 /* Base */,
			);
			name = LaunchScreen.storyboard;
			sourceTree = "<group>";
		};
/* End PBXVariantGroup section */

/* Begin XCBuildConfiguration section */
		A029CCD628D764A6000B2249 /* Debug */ = {
			isa = XCBuildConfiguration;
			buildSettings = {
				ALWAYS_SEARCH_USER_PATHS = NO;
				CLANG_ANALYZER_NONNULL = YES;
				CLANG_ANALYZER_NUMBER_OBJECT_CONVERSION = YES_AGGRESSIVE;
				CLANG_CXX_LANGUAGE_STANDARD = "gnu++17";
				CLANG_ENABLE_MODULES = YES;
				CLANG_ENABLE_OBJC_ARC = YES;
				CLANG_ENABLE_OBJC_WEAK = YES;
				CLANG_WARN_BLOCK_CAPTURE_AUTORELEASING = YES;
				CLANG_WARN_BOOL_CONVERSION = YES;
				CLANG_WARN_COMMA = YES;
				CLANG_WARN_CONSTANT_CONVERSION = YES;
				CLANG_WARN_DEPRECATED_OBJC_IMPLEMENTATIONS = YES;
				CLANG_WARN_DIRECT_OBJC_ISA_USAGE = YES_ERROR;
				CLANG_WARN_DOCUMENTATION_COMMENTS = YES;
				CLANG_WARN_EMPTY_BODY = YES;
				CLANG_WARN_ENUM_CONVERSION = YES;
				CLANG_WARN_INFINITE_RECURSION = YES;
				CLANG_WARN_INT_CONVERSION = YES;
				CLANG_WARN_NON_LITERAL_NULL_CONVERSION = YES;
				CLANG_WARN_OBJC_IMPLICIT_RETAIN_SELF = YES;
				CLANG_WARN_OBJC_LITERAL_CONVERSION = YES;
				CLANG_WARN_OBJC_ROOT_CLASS = YES_ERROR;
				CLANG_WARN_QUOTED_INCLUDE_IN_FRAMEWORK_HEADER = YES;
				CLANG_WARN_RANGE_LOOP_ANALYSIS = YES;
				CLANG_WARN_STRICT_PROTOTYPES = YES;
				CLANG_WARN_SUSPICIOUS_MOVE = YES;
				CLANG_WARN_UNGUARDED_AVAILABILITY = YES_AGGRESSIVE;
				CLANG_WARN_UNREACHABLE_CODE = YES;
				CLANG_WARN__DUPLICATE_METHOD_MATCH = YES;
				COPY_PHASE_STRIP = NO;
				DEBUG_INFORMATION_FORMAT = dwarf;
				ENABLE_STRICT_OBJC_MSGSEND = YES;
				ENABLE_TESTABILITY = YES;
				GCC_C_LANGUAGE_STANDARD = gnu11;
				GCC_DYNAMIC_NO_PIC = NO;
				GCC_NO_COMMON_BLOCKS = YES;
				GCC_OPTIMIZATION_LEVEL = 0;
				GCC_PREPROCESSOR_DEFINITIONS = (
					"DEBUG=1",
					"$(inherited)",
				);
				GCC_WARN_64_TO_32_BIT_CONVERSION = YES;
				GCC_WARN_ABOUT_RETURN_TYPE = YES_ERROR;
				GCC_WARN_UNDECLARED_SELECTOR = YES;
				GCC_WARN_UNINITIALIZED_AUTOS = YES_AGGRESSIVE;
				GCC_WARN_UNUSED_FUNCTION = YES;
				GCC_WARN_UNUSED_VARIABLE = YES;
				IPHONEOS_DEPLOYMENT_TARGET = 15.4;
				MTL_ENABLE_DEBUG_INFO = INCLUDE_SOURCE;
				MTL_FAST_MATH = YES;
				ONLY_ACTIVE_ARCH = YES;
				SDKROOT = iphoneos;
				SWIFT_ACTIVE_COMPILATION_CONDITIONS = DEBUG;
				SWIFT_OPTIMIZATION_LEVEL = "-Onone";
			};
			name = Debug;
		};
		A029CCD728D764A6000B2249 /* Release */ = {
			isa = XCBuildConfiguration;
			buildSettings = {
				ALWAYS_SEARCH_USER_PATHS = NO;
				CLANG_ANALYZER_NONNULL = YES;
				CLANG_ANALYZER_NUMBER_OBJECT_CONVERSION = YES_AGGRESSIVE;
				CLANG_CXX_LANGUAGE_STANDARD = "gnu++17";
				CLANG_ENABLE_MODULES = YES;
				CLANG_ENABLE_OBJC_ARC = YES;
				CLANG_ENABLE_OBJC_WEAK = YES;
				CLANG_WARN_BLOCK_CAPTURE_AUTORELEASING = YES;
				CLANG_WARN_BOOL_CONVERSION = YES;
				CLANG_WARN_COMMA = YES;
				CLANG_WARN_CONSTANT_CONVERSION = YES;
				CLANG_WARN_DEPRECATED_OBJC_IMPLEMENTATIONS = YES;
				CLANG_WARN_DIRECT_OBJC_ISA_USAGE = YES_ERROR;
				CLANG_WARN_DOCUMENTATION_COMMENTS = YES;
				CLANG_WARN_EMPTY_BODY = YES;
				CLANG_WARN_ENUM_CONVERSION = YES;
				CLANG_WARN_INFINITE_RECURSION = YES;
				CLANG_WARN_INT_CONVERSION = YES;
				CLANG_WARN_NON_LITERAL_NULL_CONVERSION = YES;
				CLANG_WARN_OBJC_IMPLICIT_RETAIN_SELF = YES;
				CLANG_WARN_OBJC_LITERAL_CONVERSION = YES;
				CLANG_WARN_OBJC_ROOT_CLASS = YES_ERROR;
				CLANG_WARN_QUOTED_INCLUDE_IN_FRAMEWORK_HEADER = YES;
				CLANG_WARN_RANGE_LOOP_ANALYSIS = YES;
				CLANG_WARN_STRICT_PROTOTYPES = YES;
				CLANG_WARN_SUSPICIOUS_MOVE = YES;
				CLANG_WARN_UNGUARDED_AVAILABILITY = YES_AGGRESSIVE;
				CLANG_WARN_UNREACHABLE_CODE = YES;
				CLANG_WARN__DUPLICATE_METHOD_MATCH = YES;
				COPY_PHASE_STRIP = NO;
				DEBUG_INFORMATION_FORMAT = "dwarf-with-dsym";
				ENABLE_NS_ASSERTIONS = NO;
				ENABLE_STRICT_OBJC_MSGSEND = YES;
				GCC_C_LANGUAGE_STANDARD = gnu11;
				GCC_NO_COMMON_BLOCKS = YES;
				GCC_WARN_64_TO_32_BIT_CONVERSION = YES;
				GCC_WARN_ABOUT_RETURN_TYPE = YES_ERROR;
				GCC_WARN_UNDECLARED_SELECTOR = YES;
				GCC_WARN_UNINITIALIZED_AUTOS = YES_AGGRESSIVE;
				GCC_WARN_UNUSED_FUNCTION = YES;
				GCC_WARN_UNUSED_VARIABLE = YES;
				IPHONEOS_DEPLOYMENT_TARGET = 15.4;
				MTL_ENABLE_DEBUG_INFO = NO;
				MTL_FAST_MATH = YES;
				SDKROOT = iphoneos;
				SWIFT_COMPILATION_MODE = wholemodule;
				SWIFT_OPTIMIZATION_LEVEL = "-O";
				VALIDATE_PRODUCT = YES;
			};
			name = Release;
		};
		A029CCD928D764A6000B2249 /* Debug */ = {
			isa = XCBuildConfiguration;
			buildSettings = {
				ASSETCATALOG_COMPILER_APPICON_NAME = AppIcon;
				ASSETCATALOG_COMPILER_GLOBAL_ACCENT_COLOR_NAME = AccentColor;
				CODE_SIGN_STYLE = Automatic;
				CURRENT_PROJECT_VERSION = 1;
				DEVELOPMENT_TEAM = A3S436HU3H;
				GENERATE_INFOPLIST_FILE = YES;
				INFOPLIST_FILE = ageofempiresII/Info.plist;
				INFOPLIST_KEY_UIApplicationSupportsIndirectInputEvents = YES;
				INFOPLIST_KEY_UILaunchStoryboardName = LaunchScreen;
				INFOPLIST_KEY_UISupportedInterfaceOrientations_iPad = "UIInterfaceOrientationPortrait UIInterfaceOrientationPortraitUpsideDown UIInterfaceOrientationLandscapeLeft UIInterfaceOrientationLandscapeRight";
				INFOPLIST_KEY_UISupportedInterfaceOrientations_iPhone = "UIInterfaceOrientationPortrait UIInterfaceOrientationLandscapeLeft UIInterfaceOrientationLandscapeRight";
				LD_RUNPATH_SEARCH_PATHS = (
					"$(inherited)",
					"@executable_path/Frameworks",
				);
				MARKETING_VERSION = 1.0;
				PRODUCT_BUNDLE_IDENTIFIER = com.dilarasimsek.ageofempiresII;
				PRODUCT_NAME = "$(TARGET_NAME)";
				SWIFT_EMIT_LOC_STRINGS = YES;
				SWIFT_VERSION = 5.0;
				TARGETED_DEVICE_FAMILY = "1,2";
			};
			name = Debug;
		};
		A029CCDA28D764A6000B2249 /* Release */ = {
			isa = XCBuildConfiguration;
			buildSettings = {
				ASSETCATALOG_COMPILER_APPICON_NAME = AppIcon;
				ASSETCATALOG_COMPILER_GLOBAL_ACCENT_COLOR_NAME = AccentColor;
				CODE_SIGN_STYLE = Automatic;
				CURRENT_PROJECT_VERSION = 1;
				DEVELOPMENT_TEAM = A3S436HU3H;
				GENERATE_INFOPLIST_FILE = YES;
				INFOPLIST_FILE = ageofempiresII/Info.plist;
				INFOPLIST_KEY_UIApplicationSupportsIndirectInputEvents = YES;
				INFOPLIST_KEY_UILaunchStoryboardName = LaunchScreen;
				INFOPLIST_KEY_UISupportedInterfaceOrientations_iPad = "UIInterfaceOrientationPortrait UIInterfaceOrientationPortraitUpsideDown UIInterfaceOrientationLandscapeLeft UIInterfaceOrientationLandscapeRight";
				INFOPLIST_KEY_UISupportedInterfaceOrientations_iPhone = "UIInterfaceOrientationPortrait UIInterfaceOrientationLandscapeLeft UIInterfaceOrientationLandscapeRight";
				LD_RUNPATH_SEARCH_PATHS = (
					"$(inherited)",
					"@executable_path/Frameworks",
				);
				MARKETING_VERSION = 1.0;
				PRODUCT_BUNDLE_IDENTIFIER = com.dilarasimsek.ageofempiresII;
				PRODUCT_NAME = "$(TARGET_NAME)";
				SWIFT_EMIT_LOC_STRINGS = YES;
				SWIFT_VERSION = 5.0;
				TARGETED_DEVICE_FAMILY = "1,2";
			};
			name = Release;
		};
/* End XCBuildConfiguration section */

/* Begin XCConfigurationList section */
		A029CCBF28D764A5000B2249 /* Build configuration list for PBXProject "ageofempiresII" */ = {
			isa = XCConfigurationList;
			buildConfigurations = (
				A029CCD628D764A6000B2249 /* Debug */,
				A029CCD728D764A6000B2249 /* Release */,
			);
			defaultConfigurationIsVisible = 0;
			defaultConfigurationName = Release;
		};
		A029CCD828D764A6000B2249 /* Build configuration list for PBXNativeTarget "ageofempiresII" */ = {
			isa = XCConfigurationList;
			buildConfigurations = (
				A029CCD928D764A6000B2249 /* Debug */,
				A029CCDA28D764A6000B2249 /* Release */,
			);
			defaultConfigurationIsVisible = 0;
			defaultConfigurationName = Release;
		};
/* End XCConfigurationList section */
	};
	rootObject = A029CCBC28D764A5000B2249 /* Project object */;
}
